
Microsoft Visual Studio Solution File, Format Version 12.00
# Visual Studio Version 17
VisualStudioVersion = 17.0.32112.339
MinimumVisualStudioVersion = 10.0.40219.1
Project("{FAE04EC0-301F-11D3-BF4B-00C04F79EFBC}") = "KonuYorumCore", "KonuYorumCore\KonuYorumCore.csproj", "{F302D1B9-AEC2-4A02-B389-D352A8607074}"
EndProject
Global
	GlobalSection(SolutionConfigurationPlatforms) = preSolution
		Debug|Any CPU = Debug|Any CPU
		Release|Any CPU = Release|Any CPU
	EndGlobalSection
	GlobalSection(ProjectConfigurationPlatforms) = postSolution
		{F302D1B9-AEC2-4A02-B389-D352A8607074}.Debug|Any CPU.ActiveCfg = Debug|Any CPU
		{F302D1B9-AEC2-4A02-B389-D352A8607074}.Debug|Any CPU.Build.0 = Debug|Any CPU
		{F302D1B9-AEC2-4A02-B389-D352A8607074}.Release|Any CPU.ActiveCfg = Release|Any CPU
		{F302D1B9-AEC2-4A02-B389-D352A8607074}.Release|Any CPU.Build.0 = Release|Any CPU
	EndGlobalSection
	GlobalSection(SolutionProperties) = preSolution
		HideSolutionNode = FALSE
	EndGlobalSection
	GlobalSection(ExtensibilityGlobals) = postSolution
		SolutionGuid = {40FDC3AB-8F44-425E-BFDE-D97D03B258F3}
	EndGlobalSection
EndGlobal
